PODS:
  - Alamofire (4.8.2)
  - Cache (5.2.0)
  - SwiftyJSON (3.1.4)

DEPENDENCIES:
  - Alamofire
  - Cache
  - SwiftyJSON (~> 3.0)

SPEC REPOS:
  https://github.com/cocoapods/specs.git:
    - Alamofire
    - Cache
    - SwiftyJSON

SPEC CHECKSUMS:
  Alamofire: ae5c501addb7afdbb13687d7f2f722c78734c2d3
  Cache: 807c5d86d01a177f06ede9865add3aea269bbfd4
  SwiftyJSON: c2842d878f95482ffceec5709abc3d05680c0220

PODFILE CHECKSUM: 4070c4d0b5111907e410e30dbcb0a14071b12787

COCOAPODS: 1.6.1
